
Microsoft Visual Studio Solution File, Format Version 12.00
# Visual Studio Version 17
VisualStudioVersion = 17.5.33516.290
MinimumVisualStudioVersion = 10.0.40219.1
Project("{FAE04EC0-301F-11D3-BF4B-00C04F79EFBC}") = "Project-MVC", "Project-MVC\Project-MVC.csproj", "{38FF8B3F-8EA1-4B46-B714-20D0563D1329}"
EndProject
Global
	GlobalSection(SolutionConfigurationPlatforms) = preSolution
		Debug|Any CPU = Debug|Any CPU
		Release|Any CPU = Release|Any CPU
	EndGlobalSection
	GlobalSection(ProjectConfigurationPlatforms) = postSolution
		{38FF8B3F-8EA1-4B46-B714-20D0563D1329}.Debug|Any CPU.ActiveCfg = Debug|Any CPU
		{38FF8B3F-8EA1-4B46-B714-20D0563D1329}.Debug|Any CPU.Build.0 = Debug|Any CPU
		{38FF8B3F-8EA1-4B46-B714-20D0563D1329}.Release|Any CPU.ActiveCfg = Release|Any CPU
		{38FF8B3F-8EA1-4B46-B714-20D0563D1329}.Release|Any CPU.Build.0 = Release|Any CPU
	EndGlobalSection
	GlobalSection(SolutionProperties) = preSolution
		HideSolutionNode = FALSE
	EndGlobalSection
	GlobalSection(ExtensibilityGlobals) = postSolution
		SolutionGuid = {A0007B21-7FB6-4A95-9D7C-EAC1251EEE2F}
	EndGlobalSection
EndGlobal
